
Microsoft Visual Studio Solution File, Format Version 12.00
# Visual Studio Version 16
VisualStudioVersion = 16.0.30309.148
MinimumVisualStudioVersion = 10.0.40219.1
Project("{FAE04EC0-301F-11D3-BF4B-00C04F79EFBC}") = "English learner", "English learner\English learner.csproj", "{BD43E467-240F-4F41-9CB6-0E2215B0371C}"
EndProject
Global
	GlobalSection(SolutionConfigurationPlatforms) = preSolution
		Debug|Any CPU = Debug|Any CPU
		Release|Any CPU = Release|Any CPU
	EndGlobalSection
	GlobalSection(ProjectConfigurationPlatforms) = postSolution
		{BD43E467-240F-4F41-9CB6-0E2215B0371C}.Debug|Any CPU.ActiveCfg = Debug|Any CPU
		{BD43E467-240F-4F41-9CB6-0E2215B0371C}.Debug|Any CPU.Build.0 = Debug|Any CPU
		{BD43E467-240F-4F41-9CB6-0E2215B0371C}.Release|Any CPU.ActiveCfg = Release|Any CPU
		{BD43E467-240F-4F41-9CB6-0E2215B0371C}.Release|Any CPU.Build.0 = Release|Any CPU
	EndGlobalSection
	GlobalSection(SolutionProperties) = preSolution
		HideSolutionNode = FALSE
	EndGlobalSection
	GlobalSection(ExtensibilityGlobals) = postSolution
		SolutionGuid = {03B20F00-03BF-4C6A-8C09-C389B59B9BF0}
	EndGlobalSection
EndGlobal
